
Microsoft Visual Studio Solution File, Format Version 12.00
# Visual Studio Version 16
VisualStudioVersion = 16.0.31205.134
MinimumVisualStudioVersion = 10.0.40219.1
Project("{FAE04EC0-301F-11D3-BF4B-00C04F79EFBC}") = "Vari7", "Vari7.csproj", "{A62F8056-7C1A-4B47-B493-48E7E9602BF1}"
EndProject
Global
	GlobalSection(SolutionConfigurationPlatforms) = preSolution
		Debug|Any CPU = Debug|Any CPU
		Release|Any CPU = Release|Any CPU
	EndGlobalSection
	GlobalSection(ProjectConfigurationPlatforms) = postSolution
		{A62F8056-7C1A-4B47-B493-48E7E9602BF1}.Debug|Any CPU.ActiveCfg = Debug|Any CPU
		{A62F8056-7C1A-4B47-B493-48E7E9602BF1}.Debug|Any CPU.Build.0 = Debug|Any CPU
		{A62F8056-7C1A-4B47-B493-48E7E9602BF1}.Release|Any CPU.ActiveCfg = Release|Any CPU
		{A62F8056-7C1A-4B47-B493-48E7E9602BF1}.Release|Any CPU.Build.0 = Release|Any CPU
	EndGlobalSection
	GlobalSection(SolutionProperties) = preSolution
		HideSolutionNode = FALSE
	EndGlobalSection
	GlobalSection(ExtensibilityGlobals) = postSolution
		SolutionGuid = {AEF0BB12-947E-47CD-A580-D4244C675711}
	EndGlobalSection
EndGlobal
